
Microsoft Visual Studio Solution File, Format Version 12.00
# Visual Studio Version 16
VisualStudioVersion = 16.0.31321.278
MinimumVisualStudioVersion = 10.0.40219.1
Project("{FAE04EC0-301F-11D3-BF4B-00C04F79EFBC}") = "Seti2", "Seti2\Seti2.csproj", "{5D8F3A3A-6BEA-4F8C-AE35-260F0F402B1B}"
EndProject
Global
	GlobalSection(SolutionConfigurationPlatforms) = preSolution
		Debug|Any CPU = Debug|Any CPU
		Release|Any CPU = Release|Any CPU
	EndGlobalSection
	GlobalSection(ProjectConfigurationPlatforms) = postSolution
		{5D8F3A3A-6BEA-4F8C-AE35-260F0F402B1B}.Debug|Any CPU.ActiveCfg = Debug|Any CPU
		{5D8F3A3A-6BEA-4F8C-AE35-260F0F402B1B}.Debug|Any CPU.Build.0 = Debug|Any CPU
		{5D8F3A3A-6BEA-4F8C-AE35-260F0F402B1B}.Release|Any CPU.ActiveCfg = Release|Any CPU
		{5D8F3A3A-6BEA-4F8C-AE35-260F0F402B1B}.Release|Any CPU.Build.0 = Release|Any CPU
	EndGlobalSection
	GlobalSection(SolutionProperties) = preSolution
		HideSolutionNode = FALSE
	EndGlobalSection
	GlobalSection(ExtensibilityGlobals) = postSolution
		SolutionGuid = {CDBB844A-5532-4399-8848-AA1DD38D498A}
	EndGlobalSection
EndGlobal
